
Microsoft Visual Studio Solution File, Format Version 12.00
Project("{FAE04EC0-301F-11D3-BF4B-00C04F79EFBC}") = "VintageAtlas", "VintageAtlas\VintageAtlas.csproj", "{196A49DC-39ED-4DAC-8569-B3B246A916AF}"
EndProject
Global
	GlobalSection(SolutionConfigurationPlatforms) = preSolution
		Debug|Any CPU = Debug|Any CPU
		Release|Any CPU = Release|Any CPU
	EndGlobalSection
	GlobalSection(ProjectConfigurationPlatforms) = postSolution
		{196A49DC-39ED-4DAC-8569-B3B246A916AF}.Debug|Any CPU.ActiveCfg = Debug|Any CPU
		{196A49DC-39ED-4DAC-8569-B3B246A916AF}.Debug|Any CPU.Build.0 = Debug|Any CPU
		{196A49DC-39ED-4DAC-8569-B3B246A916AF}.Release|Any CPU.ActiveCfg = Release|Any CPU
		{196A49DC-39ED-4DAC-8569-B3B246A916AF}.Release|Any CPU.Build.0 = Release|Any CPU
	EndGlobalSection
EndGlobal
