
Microsoft Visual Studio Solution File, Format Version 12.00
# Visual Studio Version 17
VisualStudioVersion = 17.0.31903.59
MinimumVisualStudioVersion = 10.0.40219.1
Project("{FAE04EC0-301F-11D3-BF4B-00C04F79EFBC}") = "WebCartographer", "WebCartographer\WebCartographer.csproj", "{40D117EC-41A7-490F-8B14-698EF380356F}"
EndProject
Project("{FAE04EC0-301F-11D3-BF4B-00C04F79EFBC}") = "Build", "build\Build.csproj", "{E3968D19-6C8E-40EC-B993-32A107E00B1F}"
EndProject
Project("{FAE04EC0-301F-11D3-BF4B-00C04F79EFBC}") = "WebCartographer.Tests", "WebCartographer.Tests\WebCartographer.Tests.csproj", "{9E24D558-69A1-45A4-AE03-3377EA7A77EE}"
EndProject
Global
	GlobalSection(SolutionConfigurationPlatforms) = preSolution
		Debug|Any CPU = Debug|Any CPU
		Release|Any CPU = Release|Any CPU
	EndGlobalSection
	GlobalSection(SolutionProperties) = preSolution
		HideSolutionNode = FALSE
	EndGlobalSection
	GlobalSection(ProjectConfigurationPlatforms) = postSolution
		{40D117EC-41A7-490F-8B14-698EF380356F}.Debug|Any CPU.ActiveCfg = Debug|Any CPU
		{40D117EC-41A7-490F-8B14-698EF380356F}.Debug|Any CPU.Build.0 = Debug|Any CPU
		{40D117EC-41A7-490F-8B14-698EF380356F}.Release|Any CPU.ActiveCfg = Release|Any CPU
		{40D117EC-41A7-490F-8B14-698EF380356F}.Release|Any CPU.Build.0 = Release|Any CPU
		{647DF70C-2CF3-41FD-A9C6-C1B0B94CD978}.Debug|Any CPU.ActiveCfg = Debug|Any CPU
		{647DF70C-2CF3-41FD-A9C6-C1B0B94CD978}.Debug|Any CPU.Build.0 = Debug|Any CPU
		{647DF70C-2CF3-41FD-A9C6-C1B0B94CD978}.Release|Any CPU.ActiveCfg = Release|Any CPU
		{647DF70C-2CF3-41FD-A9C6-C1B0B94CD978}.Release|Any CPU.Build.0 = Release|Any CPU
		{E3968D19-6C8E-40EC-B993-32A107E00B1F}.Debug|Any CPU.ActiveCfg = Debug|Any CPU
		{E3968D19-6C8E-40EC-B993-32A107E00B1F}.Debug|Any CPU.Build.0 = Debug|Any CPU
		{E3968D19-6C8E-40EC-B993-32A107E00B1F}.Release|Any CPU.ActiveCfg = Release|Any CPU
		{E3968D19-6C8E-40EC-B993-32A107E00B1F}.Release|Any CPU.Build.0 = Release|Any CPU
		{9E24D558-69A1-45A4-AE03-3377EA7A77EE}.Debug|Any CPU.ActiveCfg = Debug|Any CPU
		{9E24D558-69A1-45A4-AE03-3377EA7A77EE}.Debug|Any CPU.Build.0 = Debug|Any CPU
		{9E24D558-69A1-45A4-AE03-3377EA7A77EE}.Release|Any CPU.ActiveCfg = Release|Any CPU
		{9E24D558-69A1-45A4-AE03-3377EA7A77EE}.Release|Any CPU.Build.0 = Release|Any CPU
		{890323B0-C408-4D67-852E-C5F53C052BE8}.Debug|Any CPU.ActiveCfg = Debug|Any CPU
		{890323B0-C408-4D67-852E-C5F53C052BE8}.Debug|Any CPU.Build.0 = Debug|Any CPU
		{890323B0-C408-4D67-852E-C5F53C052BE8}.Release|Any CPU.ActiveCfg = Release|Any CPU
		{890323B0-C408-4D67-852E-C5F53C052BE8}.Release|Any CPU.Build.0 = Release|Any CPU
	EndGlobalSection
EndGlobal
